
Microsoft Visual Studio Solution File, Format Version 12.00
# Visual Studio 2012
Project("{FAE04EC0-301F-11D3-BF4B-00C04F79EFBC}") = "Ken", "ken\Ken.csproj", "{671FC412-5048-4705-844A-7AAD3833AC84}"
EndProject
Project("{FAE04EC0-301F-11D3-BF4B-00C04F79EFBC}") = "Ken.Tests", "Ken.Tests\Ken.Tests.csproj", "{693E6EBF-E829-4D8B-ACFE-5C40E17DEB2A}"
EndProject
Global
	GlobalSection(SolutionConfigurationPlatforms) = preSolution
		Debug|Any CPU = Debug|Any CPU
		Release|Any CPU = Release|Any CPU
	EndGlobalSection
	GlobalSection(ProjectConfigurationPlatforms) = postSolution
		{671FC412-5048-4705-844A-7AAD3833AC84}.Debug|Any CPU.ActiveCfg = Debug|Any CPU
		{671FC412-5048-4705-844A-7AAD3833AC84}.Debug|Any CPU.Build.0 = Debug|Any CPU
		{671FC412-5048-4705-844A-7AAD3833AC84}.Release|Any CPU.ActiveCfg = Release|Any CPU
		{671FC412-5048-4705-844A-7AAD3833AC84}.Release|Any CPU.Build.0 = Release|Any CPU
		{693E6EBF-E829-4D8B-ACFE-5C40E17DEB2A}.Debug|Any CPU.ActiveCfg = Debug|Any CPU
		{693E6EBF-E829-4D8B-ACFE-5C40E17DEB2A}.Debug|Any CPU.Build.0 = Debug|Any CPU
		{693E6EBF-E829-4D8B-ACFE-5C40E17DEB2A}.Release|Any CPU.ActiveCfg = Release|Any CPU
		{693E6EBF-E829-4D8B-ACFE-5C40E17DEB2A}.Release|Any CPU.Build.0 = Release|Any CPU
	EndGlobalSection
	GlobalSection(SolutionProperties) = preSolution
		HideSolutionNode = FALSE
	EndGlobalSection
EndGlobal
